version: 7
platforms:
- name: linux-64
environments:
  default:
    channels:
    - url: https://conda.anaconda.org/conda-forge/
    packages:
      linux-64:
      - conda: https://conda.anaconda.org/conda-forge/linux-64/_openmp_mutex-4.5-20_gnu.conda
      - conda: https://conda.anaconda.org/conda-forge/linux-64/binutils_impl_linux-64-2.46.1-default_hfdba357_102.conda
      - conda: https://conda.anaconda.org/conda-forge/linux-64/bzip2-1.0.8-hda65f42_10.conda
      - conda: https://conda.anaconda.org/conda-forge/linux-64/c-ares-1.34.8-hebe6cf0_2.conda
      - conda: https://conda.anaconda.org/conda-forge/linux-64/c-compiler-2.0.0-ha29393d_0.conda
      - conda: https://conda.anaconda.org/conda-forge/linux-64/ceres-solver-2.2.0-cpugplh3250042_211.conda
      - conda: https://conda.anaconda.org/conda-forge/linux-64/cmake-4.4.3-hff7ac6b_0.conda
      - conda: https://conda.anaconda.org/conda-forge/linux-64/conda-gcc-specs-15.3.0-h8846f6e_5.conda
      - conda: https://conda.anaconda.org/conda-forge/linux-64/cxx-compiler-2.0.0-hdab9b82_0.conda
      - conda: https://conda.anaconda.org/conda-forge/linux-64/eigen-5.0.1-h19c2612_3.conda
      - conda: https://conda.anaconda.org/conda-forge/linux-64/eigen-abi-5.0.1.80-hf414acd_3.conda
      - conda: https://conda.anaconda.org/conda-forge/linux-64/gcc-15.3.0-hc6a0c74_5.conda
      - conda: https://conda.anaconda.org/conda-forge/linux-64/gcc_impl_linux-64-15.3.0-hc396a85_5.conda
      - conda: https://conda.anaconda.org/conda-forge/linux-64/gflags-2.3.1-h54a6638_0.conda
      - conda: https://conda.anaconda.org/conda-forge/linux-64/glog-0.7.1-hb7133d2_1.conda
      - conda: https://conda.anaconda.org/conda-forge/linux-64/gmp-6.3.0-hfd2156b_3.conda
      - conda: https://conda.anaconda.org/conda-forge/linux-64/gxx-15.3.0-hc6a0c74_5.conda
      - conda: https://conda.anaconda.org/conda-forge/linux-64/gxx_impl_linux-64-15.3.0-h90d9265_5.conda
      - conda: https://conda.anaconda.org/conda-forge/linux-64/icu-78.3-py310h44b86e0_2.conda
      - conda: https://conda.anaconda.org/conda-forge/linux-64/keyutils-1.6.3-h7cc23a3_1.conda
      - conda: https://conda.anaconda.org/conda-forge/linux-64/krb5-1.22.2-hbc21106_2.conda
      - conda: https://conda.anaconda.org/conda-forge/linux-64/ld_impl_linux-64-2.46.1-default_hbd61a6d_102.conda
      - conda: https://conda.anaconda.org/conda-forge/linux-64/libamd-3.3.3-h456b2da_7100101.conda
      - conda: https://conda.anaconda.org/conda-forge/linux-64/libblas-3.11.0-11_h4a7cf45_openblas.conda
      - conda: https://conda.anaconda.org/conda-forge/linux-64/libbtf-2.3.2-hf02c80a_7100101.conda
      - conda: https://conda.anaconda.org/conda-forge/linux-64/libcamd-3.3.3-hf02c80a_7100101.conda
      - conda: https://conda.anaconda.org/conda-forge/linux-64/libcblas-3.11.0-11_h0358290_openblas.conda
      - conda: https://conda.anaconda.org/conda-forge/linux-64/libccolamd-3.3.4-hf02c80a_7100101.conda
      - conda: https://conda.anaconda.org/conda-forge/linux-64/libcholmod-5.3.1-h9cf07ce_7100101.conda
      - conda: https://conda.anaconda.org/conda-forge/linux-64/libcolamd-3.3.4-hf02c80a_7100101.conda
      - conda: https://conda.anaconda.org/conda-forge/linux-64/libcurl-8.22.0-ha042cf0_0.conda
      - conda: https://conda.anaconda.org/conda-forge/linux-64/libcxsparse-4.4.1-hf02c80a_7100101.conda
      - conda: https://conda.anaconda.org/conda-forge/linux-64/libedit-3.1.20250104-pl5321h373387f_1.conda
      - conda: https://conda.anaconda.org/conda-forge/linux-64/libev-4.33-h280c20c_3.conda
      - conda: https://conda.anaconda.org/conda-forge/linux-64/libexpat-2.8.1-hecca717_1.conda
      - conda: https://conda.anaconda.org/conda-forge/linux-64/libgcc-16.2.0-ha9f2e26_5.conda
      - conda: https://conda.anaconda.org/conda-forge/linux-64/libgfortran-16.2.0-h69a702a_5.conda
      - conda: https://conda.anaconda.org/conda-forge/linux-64/libgfortran5-16.2.0-h6b99dfc_5.conda
      - conda: https://conda.anaconda.org/conda-forge/linux-64/libgomp-16.2.0-he0feb66_5.conda
      - conda: https://conda.anaconda.org/conda-forge/linux-64/libklu-2.3.5-h95ff59c_7100101.conda
      - conda: https://conda.anaconda.org/conda-forge/linux-64/liblapack-3.11.0-11_h47877c9_openblas.conda
      - conda: https://conda.anaconda.org/conda-forge/linux-64/libldl-3.3.2-hf02c80a_7100101.conda
      - conda: https://conda.anaconda.org/conda-forge/linux-64/liblzma-5.8.3-hb03c661_1.conda
      - conda: https://conda.anaconda.org/conda-forge/linux-64/libnghttp2-1.68.1-h74cf4be_1.conda
      - conda: https://conda.anaconda.org/conda-forge/linux-64/libopenblas-0.3.34-pthreads_hf13c14d_2.conda
      - conda: https://conda.anaconda.org/conda-forge/linux-64/libparu-1.0.0-hc6afc67_7100101.conda
      - conda: https://conda.anaconda.org/conda-forge/linux-64/libpsl-0.23.1-hd9e3e90_1.conda
      - conda: https://conda.anaconda.org/conda-forge/linux-64/librbio-4.3.4-hf02c80a_7100101.conda
      - conda: https://conda.anaconda.org/conda-forge/linux-64/libsanitizer-15.3.0-h54950a5_5.conda
      - conda: https://conda.anaconda.org/conda-forge/linux-64/libspex-3.2.3-h9226d62_7100101.conda
      - conda: https://conda.anaconda.org/conda-forge/linux-64/libspqr-4.3.4-h23b7119_7100101.conda
      - conda: https://conda.anaconda.org/conda-forge/linux-64/libssh2-1.11.1-h6154650_1.conda
      - conda: https://conda.anaconda.org/conda-forge/linux-64/libstdcxx-16.2.0-h934c35e_5.conda
      - conda: https://conda.anaconda.org/conda-forge/linux-64/libsuitesparseconfig-7.10.1-h901830b_7100101.conda
      - conda: https://conda.anaconda.org/conda-forge/linux-64/libumfpack-6.3.5-h873dde6_7100101.conda
      - conda: https://conda.anaconda.org/conda-forge/linux-64/libuv-1.52.1-h280c20c_1.conda
      - conda: https://conda.anaconda.org/conda-forge/linux-64/libzlib-1.3.2-h25fd6f3_3.conda
      - conda: https://conda.anaconda.org/conda-forge/linux-64/metis-5.1.0-hd0bcaf9_1007.conda
      - conda: https://conda.anaconda.org/conda-forge/linux-64/mpfr-4.2.2-ha2cb11d_1.conda
      - conda: https://conda.anaconda.org/conda-forge/linux-64/ncurses-6.6-hdb14827_1.conda
      - conda: https://conda.anaconda.org/conda-forge/linux-64/ninja-1.13.2-h171cf75_1.conda
      - conda: https://conda.anaconda.org/conda-forge/linux-64/openssl-3.6.4-h781a0a9_0.conda
      - conda: https://conda.anaconda.org/conda-forge/linux-64/rhash-1.4.6-hb03c661_2.conda
      - conda: https://conda.anaconda.org/conda-forge/linux-64/sophus-1!1.24.6-hee9eb32_4.conda
      - conda: https://conda.anaconda.org/conda-forge/linux-64/suitesparse-7.10.1-h5b2951e_7100101.conda
      - conda: https://conda.anaconda.org/conda-forge/linux-64/zstd-1.5.7-hb78ec9c_7.conda
      - conda: https://conda.anaconda.org/conda-forge/noarch/ca-certificates-2026.7.22-hbd8a1cb_0.conda
      - conda: https://conda.anaconda.org/conda-forge/noarch/kernel-headers_linux-64-4.18.0-he073ed8_9.conda
      - conda: https://conda.anaconda.org/conda-forge/noarch/libgcc-devel_linux-64-15.3.0-h2b852eb_105.conda
      - conda: https://conda.anaconda.org/conda-forge/noarch/libstdcxx-devel_linux-64-15.3.0-hb2c5482_105.conda
      - conda: https://conda.anaconda.org/conda-forge/noarch/sysroot_linux-64-2.28-h4ee821c_9.conda
      - conda: https://conda.anaconda.org/conda-forge/noarch/tzdata-2026c-h151e31d_0.conda
packages:
- conda: https://conda.anaconda.org/conda-forge/linux-64/_openmp_mutex-4.5-20_gnu.conda
  build_number: 20
  sha256: 1dd3fffd892081df9726d7eb7e0dea6198962ba775bd88842135a4ddb4deb3c9
  md5: a9f577daf3de00bca7c3c76c0ecbd1de
  depends:
  - __glibc >=2.17,<3.0.a0
  - libgomp >=7.5.0
  constrains:
  - openmp_impl <0.0a0
  license: BSD-3-Clause
  license_family: BSD
  run_exports:
    strong:
    - _openmp_mutex >=4.5
  size: 28948
  timestamp: 1770939786096
- conda: https://conda.anaconda.org/conda-forge/linux-64/binutils_impl_linux-64-2.46.1-default_hfdba357_102.conda
  sha256: fb7bf36984a37ce7e4714d1d1da0bd0e3bfc679520f5cdc184afc676fd4b5da2
  md5: a0c5e0b7f58c8ceeb08e5bc41251d5a2
  depends:
  - ld_impl_linux-64 2.46.1 default_hbd61a6d_102
  - sysroot_linux-64
  - zstd >=1.5.7,<1.6.0a0
  license: GPL-3.0-only
  license_family: GPL
  run_exports: {}
  size: 3713752
  timestamp: 1784214522814
- conda: https://conda.anaconda.org/conda-forge/linux-64/bzip2-1.0.8-hda65f42_10.conda
  sha256: 1a0d382c515ebf55f8ee1f38c8b81bc95af5c2acc42ad53b66bc5df932032f96
  md5: e675fabcf81499adc7edf58124fb1e01
  depends:
  - __glibc >=2.17,<3.0.a0
  - libgcc >=14
  license: bzip2-1.0.6
  license_family: BSD
  run_exports:
    weak:
    - bzip2 >=1.0.8,<2.0a0
  size: 257808
  timestamp: 1785906269155
- conda: https://conda.anaconda.org/conda-forge/linux-64/c-ares-1.34.8-hebe6cf0_2.conda
  sha256: 9c37cc233238adf366ea75b0e845662a5be07ceadf62e458183516369340274b
  md5: 3ad2b403be8fc5612b9159e2ce621f69
  depends:
  - libgcc >=15
  - __glibc >=2.17,<3.0.a0
  license: MIT
  license_family: MIT
  run_exports:
    weak:
    - c-ares >=1.34.8,<2.0a0
  size: 228700
  timestamp: 1787169971173
- conda: https://conda.anaconda.org/conda-forge/linux-64/c-compiler-2.0.0-ha29393d_0.conda
  sha256: a54488d2b00380f542a2e1aa00dee3d878803a8c2c025dfce852a23685584dc6
  md5: b08763a8d93f2ba35bbf956dab90950b
  depends:
  - gcc 15.*
  license: BSD-3-Clause
  license_family: BSD
  run_exports: {}
  size: 7017
  timestamp: 1786642183250
- conda: https://conda.anaconda.org/conda-forge/linux-64/ceres-solver-2.2.0-cpugplh3250042_211.conda
  sha256: b8cb6f7d89ccbbef5193b2339e662fed71ffdb751a3192f623130e12c68fdf26
  md5: d68f4cea2931842ade9a85ce4803b352
  depends:
  - __glibc >=2.17,<3.0.a0
  - eigen >=5.0.1,<5.0.2.0a0
  - eigen-abi >=5.0.1.80,<5.0.1.81.0a0
  - glog >=0.7.1,<0.8.0a0
  - libamd >=3.3.3,<4.0a0
  - libbtf >=2.3.2,<3.0a0
  - libcamd >=3.3.3,<4.0a0
  - libccolamd >=3.3.4,<4.0a0
  - libcholmod >=5.3.1,<6.0a0
  - libcolamd >=3.3.4,<4.0a0
  - libcxsparse >=4.4.1,<5.0a0
  - libgcc >=14
  - libklu >=2.3.5,<3.0a0
  - liblapack >=3.9.0,<4.0a0
  - libldl >=3.3.2,<4.0a0
  - libparu >=1.0.0,<2.0a0
  - librbio >=4.3.4,<5.0a0
  - libspex >=3.2.3,<4.0a0
  - libspqr >=4.3.4,<5.0a0
  - libstdcxx >=14
  - libsuitesparseconfig >=7.10.1,<8.0a0
  - libumfpack >=6.3.5,<7.0a0
  - metis >=5.1.0,<5.1.1.0a0
  - suitesparse >=7.10.1,<8.0a0
  license: BSD-3-Clause
  license_family: BSD
  run_exports:
    weak:
    - ceres-solver >=2.2.0,<2.3.0a0
    - eigen >=5.0.1,<5.0.2.0a0
  size: 1513754
  timestamp: 1779172826946
- conda: https://conda.anaconda.org/conda-forge/linux-64/cmake-4.4.3-hff7ac6b_0.conda
  sha256: a6d21b5166cd7a44fa975e541f1abf851579a8ac3458e72e77125761da06c842
  md5: e9d08c8f9a02853bfc6f8c3a4b0b19a4
  depends:
  - libgcc >=15
  - __glibc >=2.17,<3.0.a0
  - libstdcxx >=15
  - ncurses >=6.6,<7.0a0
  - bzip2 >=1.0.8,<2.0a0
  - libexpat >=2.8.1,<3.0a0
  - liblzma >=5.8.3,<6.0a0
  - libcurl >=8.21.0,<9.0a0
  - rhash >=1.4.6,<2.0a0
  - libuv >=1.52.1,<2.0a0
  - libzlib >=1.3.2,<2.0a0
  - zstd >=1.5.7,<1.6.0a0
  license: BSD-3-Clause
  license_family: BSD
  run_exports: {}
  size: 26077721
  timestamp: 1787711119591
- conda: https://conda.anaconda.org/conda-forge/linux-64/conda-gcc-specs-15.3.0-h8846f6e_5.conda
  sha256: 969fd0ed8854739103a0a58a5976f11d0b9f476350c5f5d3d6a3e36ba1ba7596
  md5: 1e528e9087b065353337275369151640
  depends:
  - gcc_impl_linux-64 >=15.3.0,<15.3.1.0a0
  license: GPL-3.0-only WITH GCC-exception-3.1
  license_family: GPL
  run_exports: {}
  size: 32620
  timestamp: 1789486882706
- conda: https://conda.anaconda.org/conda-forge/linux-64/cxx-compiler-2.0.0-hdab9b82_0.conda
  sha256: 384ab445d260e0d69e701c32eb0ed870d348ec7e3efc78d944823855d4512ca1
  md5: 923dacbfd97122c65c97a35f6e959ab8
  depends:
  - gxx 15.*
  license: BSD-3-Clause
  license_family: BSD
  run_exports: {}
  size: 6972
  timestamp: 1786642183694
- conda: https://conda.anaconda.org/conda-forge/linux-64/eigen-5.0.1-h19c2612_3.conda
  sha256: e134dba3ad3523573d5902ff1222a4033372089ea31efa99e6adaf0aa18f904a
  md5: cf1f7131e9055f06f07a834091f44ca4
  license: MPL-2.0
  license_family: MOZILLA
  run_exports: {}
  size: 1311719
  timestamp: 1788951264833
- conda: https://conda.anaconda.org/conda-forge/linux-64/eigen-abi-5.0.1.80-hf414acd_3.conda
  sha256: 2c0ae975516a66f50a525666dd128dd82e27aec6370d1a846b1390f3fbc03a98
  md5: 56a1cca9a4a7bed2999630e5644c8d0e
  constrains:
  - eigen >=5.0.1,<5.0.2.0a0
  license: MPL-2.0
  license_family: MOZILLA
  run_exports: {}
  size: 13466
  timestamp: 1788951264833
- conda: https://conda.anaconda.org/conda-forge/linux-64/gcc-15.3.0-hc6a0c74_5.conda
  sha256: 82ced70a8e470b2c4a0be0af465cfee6a54b3dedea6fd20a33bd69e95f57ca02
  md5: 991fd0f71d6dd95cdce863823ec746f7
  depends:
  - conda-gcc-specs
  - gcc_impl_linux-64 15.3.0 hc396a85_5
  license: BSD-3-Clause
  license_family: BSD
  run_exports: {}
  size: 29465
  timestamp: 1789487004656
- conda: https://conda.anaconda.org/conda-forge/linux-64/gcc_impl_linux-64-15.3.0-hc396a85_5.conda
  sha256: 32d6f106ab50fbe86a7c6df2012ecf47dc1e8edf3c8c653e6de65471cedb9488
  md5: 785f3e8588520b23b6b1df8e4081710e
  depends:
  - binutils_impl_linux-64 >=2.46.1
  - libgcc >=15.3.0
  - libgcc-devel_linux-64 15.3.0 h2b852eb_105
  - libgomp >=15.3.0
  - libsanitizer 15.3.0 h54950a5_5
  - libstdcxx >=15.3.0
  - libstdcxx-devel_linux-64 15.3.0 hb2c5482_105
  - sysroot_linux-64
  license: GPL-3.0-only WITH GCC-exception-3.1
  license_family: GPL
  run_exports: {}
  size: 84297590
  timestamp: 1789486747705
- conda: https://conda.anaconda.org/conda-forge/linux-64/gflags-2.3.1-h54a6638_0.conda
  sha256: f7026323ac769ef432c747a6c22abd39c583d0d4f6985a7100fb371e2167f214
  md5: 04be12e7dd050aaf364ece2393988e85
  depends:
  - libgcc >=14
  - __glibc >=2.17,<3.0.a0
  - libstdcxx >=14
  license: BSD-3-Clause
  license_family: BSD
  run_exports:
    weak:
    - gflags >=2.3.1,<2.4.0a0
  size: 130991
  timestamp: 1785044715896
- conda: https://conda.anaconda.org/conda-forge/linux-64/glog-0.7.1-hb7133d2_1.conda
  sha256: f24feeda3aeec3a2cbb9fe2e0fabc4785372e70b6cc838c96023e08e17f4bfa0
  md5: 6941f96b8a8056677d79b4f5a2c4aaca
  depends:
  - __glibc >=2.17,<3.0.a0
  - gflags >=2.3.0,<2.4.0a0
  - libgcc >=14
  - libstdcxx >=14
  license: BSD-3-Clause
  license_family: BSD
  run_exports:
    weak:
    - glog >=0.7.1,<0.8.0a0
  size: 149031
  timestamp: 1784094370091
- conda: https://conda.anaconda.org/conda-forge/linux-64/gmp-6.3.0-hfd2156b_3.conda
  sha256: f36c336efc874f346a53a9011f67e997f9faac505562cc18c13b6d399cfe61c7
  md5: 576e32739f323438bf69ab006c21be7b
  depends:
  - __glibc >=2.17,<3.0.a0
  - libgcc >=14
  - libstdcxx >=14
  license: GPL-2.0-or-later OR LGPL-3.0-or-later
  run_exports:
    weak:
    - gmp >=6.3.0,<7.0a0
  size: 493498
  timestamp: 1786629164954
- conda: https://conda.anaconda.org/conda-forge/linux-64/gxx-15.3.0-hc6a0c74_5.conda
  sha256: f090b2500c715a498177d725048270925d1e3089e379ae550df2a5be983b7bb1
  md5: dbf1e3e3871d3133c0bc9f8078014f6e
  depends:
  - conda-gcc-specs
  - gcc 15.3.0 hc6a0c74_5
  - gxx_impl_linux-64 15.3.0 h90d9265_5
  license: BSD-3-Clause
  license_family: BSD
  run_exports: {}
  size: 28952
  timestamp: 1789487101928
- conda: https://conda.anaconda.org/conda-forge/linux-64/gxx_impl_linux-64-15.3.0-h90d9265_5.conda
  sha256: 0e58e81f8d31454bd5edc39b15df6dae46aa00ca6ab5ff7f2b6996cfbedeb4ea
  md5: 9807d970a37a428c4990e7a1d70fd4ae
  depends:
  - gcc_impl_linux-64 15.3.0 hc396a85_5
  - libstdcxx-devel_linux-64 15.3.0 hb2c5482_105
  - sysroot_linux-64
  - tzdata
  license: GPL-3.0-only WITH GCC-exception-3.1
  license_family: GPL
  run_exports: {}
  size: 16225632
  timestamp: 1789486960809
- conda: https://conda.anaconda.org/conda-forge/linux-64/icu-78.3-py310h44b86e0_2.conda
  sha256: 9f07834f0c546ab14d885ce0366285f61f44e326c0edd1fc63b8294e113ae432
  md5: 72a381cbad04f24b1c2a43ef707f45b4
  depends:
  - __glibc >=2.17,<3.0.a0
  - libstdcxx >=14
  - libgcc >=14
  license: MIT
  license_family: MIT
  run_exports:
    weak:
    - icu >=78.3,<79.0a0
  size: 14459115
  timestamp: 1786545741408
- conda: https://conda.anaconda.org/conda-forge/linux-64/keyutils-1.6.3-h7cc23a3_1.conda
  sha256: dd053c96dcb0dcfd59422aefea9d2fe937a190167f34fba7893ec1e10a7e8963
  md5: ba55d1b89fd7775e67de8291029b4059
  depends:
  - __glibc >=2.17,<3.0.a0
  - libgcc >=15
  license: LGPL-2.1-or-later
  run_exports:
    weak:
    - keyutils >=1.6.3,<2.0a0
  size: 135295
  timestamp: 1786739238128
- conda: https://conda.anaconda.org/conda-forge/linux-64/krb5-1.22.2-hbc21106_2.conda
  sha256: 2a5c38c85e63df84c4e69ee71439841ce570d259ae3060627bb9a49a938d66f4
  md5: 53318d715316929a574f83591308b1f8
  depends:
  - __glibc >=2.17,<3.0.a0
  - keyutils >=1.6.3,<2.0a0
  - libedit >=3.1.20250104,<3.2.0a0
  - libedit >=3.1.20250104,<4.0a0
  - libgcc >=15
  - libstdcxx >=15
  - openssl >=3.5.7,<4.0a0
  license: MIT
  license_family: MIT
  run_exports:
    weak:
    - krb5 >=1.22.2,<1.23.0a0
  size: 1394333
  timestamp: 1786762112514
- conda: https://conda.anaconda.org/conda-forge/linux-64/ld_impl_linux-64-2.46.1-default_hbd61a6d_102.conda
  sha256: 27d83f1188cd19bcb7754a078b3fa7f4cfb8527f8eb2fde54dd01fc529d1adec
  md5: 449500f2c089da11c40f5c21312e3e07
  depends:
  - __glibc >=2.17,<3.0.a0
  - zstd >=1.5.7,<1.6.0a0
  constrains:
  - binutils_impl_linux-64 2.46.1
  license: GPL-3.0-only
  license_family: GPL
  run_exports: {}
  size: 745303
  timestamp: 1784214507189
- conda: https://conda.anaconda.org/conda-forge/linux-64/libamd-3.3.3-h456b2da_7100101.conda
  sha256: 5fc32a5497c9919ffde729a604b0acfa97c403ce5b2b27b28ca261cf0c4643aa
  md5: a067596d679bcde85375143e7c374738
  depends:
  - __glibc >=2.17,<3.0.a0
  - libgfortran5 >=13.3.0
  - libgfortran
  - libgcc >=13
  - libsuitesparseconfig >=7.10.1,<8.0a0
  license: BSD-3-Clause
  license_family: BSD
  run_exports:
    weak:
    - libamd >=3.3.3,<4.0a0
  size: 48250
  timestamp: 1741963824815
- conda: https://conda.anaconda.org/conda-forge/linux-64/libblas-3.11.0-11_h4a7cf45_openblas.conda
  build_number: 11
  sha256: d942e0c820d60a613a6f786d074f0820fb6343e3f1ccfb110b1d98b44fb75968
  md5: b8cce1486f3c62f33291d6318c193d0d
  depends:
  - libopenblas >=0.3.34,<0.3.35.0a0
  - libopenblas >=0.3.34,<1.0a0
  constrains:
  - blas 2.311   openblas
  - libcblas   3.11.0   11*_openblas
  - liblapack  3.11.0   11*_openblas
  - liblapacke 3.11.0   11*_openblas
  - mkl <2027
  license: BSD-3-Clause
  license_family: BSD
  run_exports:
    weak:
    - libblas >=3.11.0,<4.0a0
  size: 18246
  timestamp: 1789061062982
- conda: https://conda.anaconda.org/conda-forge/linux-64/libbtf-2.3.2-hf02c80a_7100101.conda
  sha256: fe36f414f48ab87251f02aeef1fcbb6f3929322316842dada0f8142db2710264
  md5: 6f4aec52002defbdf3e24eb79e56a209
  depends:
  - libgcc >=13
  - __glibc >=2.17,<3.0.a0
  - libsuitesparseconfig >=7.10.1,<8.0a0
  license: LGPL-2.1-or-later
  run_exports:
    weak:
    - libbtf >=2.3.2,<3.0a0
  size: 26913
  timestamp: 1741963824815
- conda: https://conda.anaconda.org/conda-forge/linux-64/libcamd-3.3.3-hf02c80a_7100101.conda
  sha256: 16e9ae4e173a8606b0b8be118dbdcf4e03c9dd9777eea6bf9dff4397133d0d06
  md5: 1c9d1532caadece8adc2d14c6d4fc726
  depends:
  - libgcc >=13
  - __glibc >=2.17,<3.0.a0
  - libsuitesparseconfig >=7.10.1,<8.0a0
  license: BSD-3-Clause
  license_family: BSD
  run_exports:
    weak:
    - libcamd >=3.3.3,<4.0a0
  size: 44119
  timestamp: 1741963824815
- conda: https://conda.anaconda.org/conda-forge/linux-64/libcblas-3.11.0-11_h0358290_openblas.conda
  build_number: 11
  sha256: f7d1bbdea61cf94ba219d17b2cb571a29830f8025385af799bff5a7ad1ef45e6
  md5: 73a248c30811075059b5aeda766c2624
  depends:
  - libblas 3.11.0 11_h4a7cf45_openblas
  constrains:
  - blas 2.311   openblas
  - liblapack  3.11.0   11*_openblas
  - liblapacke 3.11.0   11*_openblas
  license: BSD-3-Clause
  license_family: BSD
  run_exports:
    weak:
    - libcblas >=3.11.0,<4.0a0
  size: 18196
  timestamp: 1789061068819
- conda: https://conda.anaconda.org/conda-forge/linux-64/libccolamd-3.3.4-hf02c80a_7100101.conda
  sha256: cc90aa5e0ad1f7ae9a29d9a42aacd7f7f02aba0bf5467513bfda7e6b18a4cbc8
  md5: e5107e02dc4c2f9f41eef72d72c23517
  depends:
  - libgcc >=13
  - __glibc >=2.17,<3.0.a0
  - libsuitesparseconfig >=7.10.1,<8.0a0
  license: BSD-3-Clause
  license_family: BSD
  run_exports:
    weak:
    - libccolamd >=3.3.4,<4.0a0
  size: 41578
  timestamp: 1741963824815
- conda: https://conda.anaconda.org/conda-forge/linux-64/libcholmod-5.3.1-h9cf07ce_7100101.conda
  sha256: 69540315b4b8de93b383243334151ed19e98968baaa59440ba645a3bff68d765
  md5: f51e24ce110ae24c92074736a308e47e
  depends:
  - libgcc >=13
  - libstdcxx >=13
  - libgcc >=13
  - __glibc >=2.17,<3.0.a0
  - _openmp_mutex >=4.5
  - liblapack >=3.9.0,<4.0a0
  - libcolamd >=3.3.4,<4.0a0
  - libamd >=3.3.3,<4.0a0
  - libsuitesparseconfig >=7.10.1,<8.0a0
  - libccolamd >=3.3.4,<4.0a0
  - libblas >=3.9.0,<4.0a0
  - libcamd >=3.3.3,<4.0a0
  license: LGPL-2.1-or-later AND GPL-2.0-or-later AND Apache-2.0
  run_exports:
    weak:
    - libcholmod >=5.3.1,<6.0a0
  size: 990886
  timestamp: 1741963824815
- conda: https://conda.anaconda.org/conda-forge/linux-64/libcolamd-3.3.4-hf02c80a_7100101.conda
  sha256: 00d1b976b914f0c20ae6f81f4e4713fa87717542eba8757b9a3c9e8abcc29858
  md5: 56d4c5542887e8955f21f8546ad75d9d
  depends:
  - libgcc >=13
  - __glibc >=2.17,<3.0.a0
  - libsuitesparseconfig >=7.10.1,<8.0a0
  license: BSD-3-Clause
  license_family: BSD
  run_exports:
    weak:
    - libcolamd >=3.3.4,<4.0a0
  size: 33160
  timestamp: 1741963824815
- conda: https://conda.anaconda.org/conda-forge/linux-64/libcurl-8.22.0-ha042cf0_0.conda
  sha256: 483b7eb97f56fbb3a9cb7190d33012dfa0a5aaed99ede61465563cd97dd82504
  md5: e617deee7af8eb0c04f6296d12b54157
  depends:
  - __glibc >=2.17,<3.0.a0
  - krb5 >=1.22.2,<1.23.0a0
  - libgcc >=15
  - libnghttp2 >=1.68.1,<2.0a0
  - libpsl >=0.23.1,<0.24.0a0
  - libssh2 >=1.11.1,<2.0a0
  - libzlib >=1.3.2,<2.0a0
  - openssl >=3.5.8,<4.0a0
  - zstd >=1.5.7,<1.6.0a0
  license: curl
  license_family: MIT
  run_exports:
    weak:
    - libcurl >=8.22.0,<9.0a0
  size: 499651
  timestamp: 1788340719230
- conda: https://conda.anaconda.org/conda-forge/linux-64/libcxsparse-4.4.1-hf02c80a_7100101.conda
  sha256: ab40fc8a4662f550d053576a56db896247bc81eb291eff3811f24c231829e3dd
  md5: 917931d508582ef891bbac172294d9fb
  depends:
  - __glibc >=2.17,<3.0.a0
  - libgcc >=13
  - _openmp_mutex >=4.5
  - libsuitesparseconfig >=7.10.1,<8.0a0
  license: LGPL-2.1-or-later
  run_exports:
    weak:
    - libcxsparse >=4.4.1,<5.0a0
  size: 113979
  timestamp: 1741963824815
- conda: https://conda.anaconda.org/conda-forge/linux-64/libedit-3.1.20250104-pl5321h373387f_1.conda
  sha256: 6473eb8caf2aae830f37caa93db9b26dddf7ac84b63229e8bf7fc0e5c3ab95b0
  md5: 50708d3b951d0f8e2d7f2df5b5edc040
  depends:
  - ncurses
  - libgcc >=14
  - __glibc >=2.17,<3.0.a0
  - ncurses >=6.6,<7.0a0
  license: BSD-2-Clause
  license_family: BSD
  run_exports:
    weak:
    - libedit >=3.1.20250104,<3.2.0a0
  size: 135098
  timestamp: 1786616658086
- conda: https://conda.anaconda.org/conda-forge/linux-64/libev-4.33-h280c20c_3.conda
  sha256: e4418f68d01a6307c4431b585c71b584f40189877364e542ee87deb777f5e85b
  md5: 7bc31538d6e3fb349e897353969237ec
  depends:
  - libgcc >=14
  - __glibc >=2.17,<3.0.a0
  license: BSD-2-Clause OR GPL-2.0-or-later
  license_family: GPL
  run_exports:
    weak:
    - libev >=4.33,<4.34.0a0
  size: 43220
  timestamp: 1785917328200
- conda: https://conda.anaconda.org/conda-forge/linux-64/libexpat-2.8.1-hecca717_1.conda
  sha256: 16feffd9ddbbe5b718515d38ee376c685ba95491cd901244e24671d20b952a77
  md5: b24d3c612f71e7aa74158d92106318b2
  depends:
  - __glibc >=2.17,<3.0.a0
  - libgcc >=14
  constrains:
  - expat 2.8.1.*
  license: MIT
  license_family: MIT
  run_exports: {}
  size: 77856
  timestamp: 1781203599810
- conda: https://conda.anaconda.org/conda-forge/linux-64/libgcc-16.2.0-ha9f2e26_5.conda
  sha256: 33d1b5d57c5a55a474330c5ec41fe7001a5aa600d9639389e8ce5edafae216a4
  md5: 3b62b92f0f082b67c59618ebf07617a7
  depends:
  - __glibc >=2.17,<3.0.a0
  - _openmp_mutex >=4.5
  constrains:
  - libgcc-ng ==16.2.0=*_5
  - libgomp 16.2.0 he0feb66_5
  license: GPL-3.0-only WITH GCC-exception-3.1
  license_family: GPL
  run_exports: {}
  size: 1057064
  timestamp: 1789485807107
- conda: https://conda.anaconda.org/conda-forge/linux-64/libgfortran-16.2.0-h69a702a_5.conda
  sha256: 7e694578cbabd46251d7a069d89da6479c5edd962d78bbc66a847c1b722a8365
  md5: 34ddf93e56ee44924ce76a614e5fb379
  depends:
  - libgfortran5 16.2.0 h6b99dfc_5
  constrains:
  - libgfortran-ng ==16.2.0=*_5
  license: GPL-3.0-only WITH GCC-exception-3.1
  license_family: GPL
  run_exports: {}
  size: 28520
  timestamp: 1789485833036
- conda: https://conda.anaconda.org/conda-forge/linux-64/libgfortran5-16.2.0-h6b99dfc_5.conda
  sha256: cc767363e3148a18d3a3015eeaed722bbf8ca0acc3a29157df2965e97caa9803
  md5: a7eb3f9540094247ec8a2fa800cf9bbf
  depends:
  - __glibc >=2.17,<3.0.a0
  - libgcc >=16.2.0
  constrains:
  - libgfortran 16.2.0
  license: GPL-3.0-only WITH GCC-exception-3.1
  license_family: GPL
  run_exports: {}
  size: 2528103
  timestamp: 1789485817694
- conda: https://conda.anaconda.org/conda-forge/linux-64/libgomp-16.2.0-he0feb66_5.conda
  sha256: 224a5a09e258a1a257089a9af310e9336e1d36834959718a9fab8679742dd822
  md5: af44890f8a2beefd3a83805a59a65014
  depends:
  - __glibc >=2.17,<3.0.a0
  license: GPL-3.0-only WITH GCC-exception-3.1
  license_family: GPL
  run_exports:
    strong:
    - _openmp_mutex >=4.5
  size: 641644
  timestamp: 1789485759120
- conda: https://conda.anaconda.org/conda-forge/linux-64/libklu-2.3.5-h95ff59c_7100101.conda
  sha256: 6b4d462642c240dc3671af74f7705b23f34eea0f71e0d9dbcf14b4ed008311ff
  md5: efaa5e7dc6989363585fbb591480b256
  depends:
  - libgcc >=13
  - __glibc >=2.17,<3.0.a0
  - _openmp_mutex >=4.5
  - metis >=5.1.0,<5.1.1.0a0
  - libcamd >=3.3.3,<4.0a0
  - liblapack >=3.9.0,<4.0a0
  - libcblas >=3.9.0,<4.0a0
  - libsuitesparseconfig >=7.10.1,<8.0a0
  - libcolamd >=3.3.4,<4.0a0
  - libamd >=3.3.3,<4.0a0
  - libcholmod >=5.3.1,<6.0a0
  - libblas >=3.9.0,<4.0a0
  - libbtf >=2.3.2,<3.0a0
  - libccolamd >=3.3.4,<4.0a0
  license: LGPL-2.1-or-later
  run_exports:
    weak:
    - libklu >=2.3.5,<3.0a0
  size: 131775
  timestamp: 1741963824816
- conda: https://conda.anaconda.org/conda-forge/linux-64/liblapack-3.11.0-11_h47877c9_openblas.conda
  build_number: 11
  sha256: 1ad3f43c9319ef398a8ef45989f4903a06e3965b51e77fc669a4c894168a8411
  md5: 5622a13917855ce4b953b9e655cf9262
  depends:
  - libblas 3.11.0 11_h4a7cf45_openblas
  constrains:
  - blas 2.311   openblas
  - libcblas   3.11.0   11*_openblas
  - liblapacke 3.11.0   11*_openblas
  license: BSD-3-Clause
  license_family: BSD
  run_exports:
    weak:
    - liblapack >=3.11.0,<3.12.0a0
  size: 18227
  timestamp: 1789061073957
- conda: https://conda.anaconda.org/conda-forge/linux-64/libldl-3.3.2-hf02c80a_7100101.conda
  sha256: 590232cd302047023ab31b80458833a71b10aeabee7474304dc65db322b5cd70
  md5: 19b71122fea7f6b1c4815f385b2da419
  depends:
  - __glibc >=2.17,<3.0.a0
  - libgcc >=13
  - libsuitesparseconfig >=7.10.1,<8.0a0
  license: LGPL-2.1-or-later
  run_exports:
    weak:
    - libldl >=3.3.2,<4.0a0
  size: 23391
  timestamp: 1741963824815
- conda: https://conda.anaconda.org/conda-forge/linux-64/liblzma-5.8.3-hb03c661_1.conda
  sha256: 9787df8c22a59c9a70d3e5a10db9ad663485e75e9ccc3f09bd092cb7b95e0dab
  md5: 1390b7c5ac0b1d8e447bc5efa6d3c8c2
  depends:
  - __glibc >=2.17,<3.0.a0
  - libgcc >=14
  constrains:
  - xz 5.8.3.*
  license: 0BSD
  run_exports:
    weak:
    - liblzma >=5.8.3,<6.0a0
  size: 112995
  timestamp: 1786348617826
- conda: https://conda.anaconda.org/conda-forge/linux-64/libnghttp2-1.68.1-h74cf4be_1.conda
  sha256: 11a2f54a6f391e25738bce0023e6ef499600147bbcf21c1fa69d2e251b03cc6a
  md5: 75d211f04ac87506f1f43420712a69fe
  depends:
  - __glibc >=2.17,<3.0.a0
  - c-ares >=1.34.8,<2.0a0
  - libev >=4.33,<4.34.0a0
  - libev >=4.33,<5.0a0
  - libgcc >=15
  - libstdcxx >=15
  - libzlib >=1.3.2,<2.0a0
  - openssl >=3.5.7,<4.0a0
  license: MIT
  license_family: MIT
  run_exports:
    weak:
    - libnghttp2 >=1.68.1,<2.0a0
  size: 649974
  timestamp: 1787177490105
- conda: https://conda.anaconda.org/conda-forge/linux-64/libopenblas-0.3.34-pthreads_hf13c14d_2.conda
  sha256: 69a722751e14eab2eb3bfdcb9acb1187afbd962b0c49b48d829341e0f6787f60
  md5: 7e19fcd73d7f0997d3cb3326d2586a86
  depends:
  - libgfortran5 >=15.3.0
  - libgfortran
  - libgcc >=15
  - __glibc >=2.17,<3.0.a0
  constrains:
  - openblas >=0.3.34,<0.3.35.0a0
  license: BSD-3-Clause
  license_family: BSD
  run_exports:
    weak:
    - libopenblas >=0.3.34,<1.0a0
  size: 6845411
  timestamp: 1789141490688
- conda: https://conda.anaconda.org/conda-forge/linux-64/libparu-1.0.0-hc6afc67_7100101.conda
  sha256: 50144e87b95d1309d2043aa5bf02035b948b1ae9ec6ec44ee97b7aec1cccd70a
  md5: fd1d3e26c1b12c70f7449369ae3d9c1a
  depends:
  - libgcc >=13
  - libstdcxx >=13
  - libgcc >=13
  - __glibc >=2.17,<3.0.a0
  - _openmp_mutex >=4.5
  - libsuitesparseconfig >=7.10.1,<8.0a0
  - libblas >=3.9.0,<4.0a0
  - libumfpack >=6.3.5,<7.0a0
  license: GPL-3.0-or-later
  license_family: GPL
  run_exports:
    weak:
    - libparu >=1.0.0,<2.0a0
  size: 89738
  timestamp: 1741963824815
- conda: https://conda.anaconda.org/conda-forge/linux-64/libpsl-0.23.1-hd9e3e90_1.conda
  sha256: 09e8effdc89bc5d021349318d32b85594f5b8d8e3ab8f90a85b81f8fe695a566
  md5: 77be60417aa572afcb48cbe0f967401d
  depends:
  - libstdcxx >=15
  - libgcc >=15
  - __glibc >=2.17,<3.0.a0
  - icu >=78.3,<79.0a0
  license: MIT
  license_family: MIT
  run_exports:
    weak:
    - libpsl >=0.23.1,<0.24.0a0
  size: 72519
  timestamp: 1786970753847
- conda: https://conda.anaconda.org/conda-forge/linux-64/librbio-4.3.4-hf02c80a_7100101.conda
  sha256: c502b4203cc0d38f49005994b5c80c89660bcd40ff170c529cda90827ec6b1f4
  md5: 4b3a3d711d1c1f76f7f440e51458f512
  depends:
  - __glibc >=2.17,<3.0.a0
  - libgcc >=13
  - libsuitesparseconfig >=7.10.1,<8.0a0
  license: GPL-2.0-or-later
  license_family: GPL
  run_exports:
    weak:
    - librbio >=4.3.4,<5.0a0
  size: 46633
  timestamp: 1741963824815
- conda: https://conda.anaconda.org/conda-forge/linux-64/libsanitizer-15.3.0-h54950a5_5.conda
  sha256: f55d5a3e2dc88f993ed5018a7255eb4a38e71d7f57e19eccba0619d753ba1301
  md5: 8d95ac7455d5eb38b784d98019475f0c
  depends:
  - __glibc >=2.17,<3.0.a0
  - libgcc >=15.3.0
  - libstdcxx >=15.3.0
  license: GPL-3.0-only WITH GCC-exception-3.1
  license_family: GPL
  run_exports:
    weak:
    - libsanitizer 15.3.0
  size: 8098064
  timestamp: 1789486698138
- conda: https://conda.anaconda.org/conda-forge/linux-64/libspex-3.2.3-h9226d62_7100101.conda
  sha256: 24dffff614943c547ba094f8eb03b412a18cc4654663202f1aab9158bfa875ba
  md5: 63323b258079a75133ccecbb0902614d
  depends:
  - libgcc >=13
  - __glibc >=2.17,<3.0.a0
  - _openmp_mutex >=4.5
  - libamd >=3.3.3,<4.0a0
  - libcolamd >=3.3.4,<4.0a0
  - libsuitesparseconfig >=7.10.1,<8.0a0
  - gmp >=6.3.0,<7.0a0
  - mpfr >=4.2.1,<5.0a0
  license: LGPL-2.0-or-later
  license_family: LGPL
  run_exports:
    weak:
    - libspex >=3.2.3,<4.0a0
  size: 79220
  timestamp: 1741963824815
- conda: https://conda.anaconda.org/conda-forge/linux-64/libspqr-4.3.4-h23b7119_7100101.conda
  sha256: 52851575496122f9088c9f5a4283da7fbb277d9a877b5ce60a939554df542f3c
  md5: c1ee33a71065c1f0efd9c8174d5f18b0
  depends:
  - libgcc >=13
  - libstdcxx >=13
  - libgcc >=13
  - __glibc >=2.17,<3.0.a0
  - libcholmod >=5.3.1,<6.0a0
  - libblas >=3.9.0,<4.0a0
  - liblapack >=3.9.0,<4.0a0
  - libsuitesparseconfig >=7.10.1,<8.0a0
  license: GPL-2.0-or-later
  license_family: GPL
  run_exports:
    weak:
    - libspqr >=4.3.4,<5.0a0
  size: 203419
  timestamp: 1741963824816
- conda: https://conda.anaconda.org/conda-forge/linux-64/libssh2-1.11.1-h6154650_1.conda
  sha256: 7e463000fa1cba3f3a6597b776f6ab301d425a96e3bc20d0d9d76a3b9f237aa3
  md5: 5c526561e1d2a2e071941174eae84557
  depends:
  - __glibc >=2.17,<3.0.a0
  - libgcc >=14
  - libzlib >=1.3.2,<2.0a0
  - openssl >=3.5.7,<4.0a0
  license: BSD-3-Clause
  license_family: BSD
  run_exports:
    weak:
    - libssh2 >=1.11.1,<2.0a0
  size: 306045
  timestamp: 1786713107897
- conda: https://conda.anaconda.org/conda-forge/linux-64/libstdcxx-16.2.0-h934c35e_5.conda
  sha256: 38cadde30fad8f7c101f9eec79f60bf03fc99310c7195d23f8b30832516d666f
  md5: 75b43a2912a0354204696708e4f34b8d
  depends:
  - __glibc >=2.17,<3.0.a0
  - libgcc 16.2.0 ha9f2e26_5
  constrains:
  - libstdcxx-ng ==16.2.0=*_5
  license: GPL-3.0-only WITH GCC-exception-3.1
  license_family: GPL
  run_exports: {}
  size: 6618916
  timestamp: 1789485826390
- conda: https://conda.anaconda.org/conda-forge/linux-64/libsuitesparseconfig-7.10.1-h901830b_7100101.conda
  sha256: d8f32a0b0ee17fbace7af4bd34ad554cc855b9c18e0aeccf8395e1478c161f37
  md5: 57ae1dd979da7aa88a9b38bfa2e1d6b2
  depends:
  - libgcc >=13
  - __glibc >=2.17,<3.0.a0
  - libgfortran5 >=13.3.0
  - libgfortran
  - libgcc >=13
  - _openmp_mutex >=4.5
  license: BSD-3-Clause
  license_family: BSD
  run_exports:
    weak:
    - libsuitesparseconfig >=7.10.1,<8.0a0
  size: 42708
  timestamp: 1741963824815
- conda: https://conda.anaconda.org/conda-forge/linux-64/libumfpack-6.3.5-h873dde6_7100101.conda
  sha256: 9a2c0049210c0223084c29b39404ad6da6538e7a4d1ed74ee8423212998fd686
  md5: 9626fc7667bc6c901c7a0a4004938c71
  depends:
  - __glibc >=2.17,<3.0.a0
  - libgcc >=13
  - libsuitesparseconfig >=7.10.1,<8.0a0
  - libcholmod >=5.3.1,<6.0a0
  - libblas >=3.9.0,<4.0a0
  - libamd >=3.3.3,<4.0a0
  license: GPL-2.0-or-later
  license_family: GPL
  run_exports:
    weak:
    - libumfpack >=6.3.5,<7.0a0
  size: 404065
  timestamp: 1741963824815
- conda: https://conda.anaconda.org/conda-forge/linux-64/libuv-1.52.1-h280c20c_1.conda
  sha256: 67761d0206f84140047a367eaf9befe03a7e157a29ee25aee0047b40801cc6b6
  md5: 01c4ed87826af55996768af6dbc936b4
  depends:
  - libgcc >=14
  - __glibc >=2.17,<3.0.a0
  license: MIT
  license_family: MIT
  run_exports:
    weak:
    - libuv >=1.52.1,<2.0a0
  size: 420040
  timestamp: 1785914567661
- conda: https://conda.anaconda.org/conda-forge/linux-64/libzlib-1.3.2-h25fd6f3_3.conda
  sha256: eb8a0db0aa570124f7d2a93d7c7f596e3390df5e047818d873baad32985fc736
  md5: 0de0122d9570a8ab637c6b73db268389
  depends:
  - __glibc >=2.17,<3.0.a0
  constrains:
  - zlib 1.3.2 *_3
  license: Zlib
  license_family: Other
  run_exports:
    weak:
    - libzlib >=1.3.2,<2.0a0
  size: 63713
  timestamp: 1785362952714
- conda: https://conda.anaconda.org/conda-forge/linux-64/metis-5.1.0-hd0bcaf9_1007.conda
  sha256: e8a00971e6d00bd49f375c5d8d005b37a9abba0b1768533aed0f90a422bf5cc7
  md5: 28eb714416de4eb83e2cbc47e99a1b45
  depends:
  - __glibc >=2.17,<3.0.a0
  - libgcc >=13
  - libstdcxx >=13
  license: Apache-2.0
  license_family: APACHE
  run_exports:
    weak:
    - metis >=5.1.0,<5.1.1.0a0
  size: 3923560
  timestamp: 1728064567817
- conda: https://conda.anaconda.org/conda-forge/linux-64/mpfr-4.2.2-ha2cb11d_1.conda
  sha256: 0be79ef2ee536e0c5d3ddb4a52bbae9f26d08560623299f33db2f4c4a17c525a
  md5: 7dcc10f6c0bc3596d5519a710a84dfd4
  depends:
  - __glibc >=2.17,<3.0.a0
  - gmp >=6.3.0,<7.0a0
  - libgcc >=15
  license: LGPL-3.0-only
  license_family: LGPL
  run_exports:
    weak:
    - mpfr >=4.2.2,<5.0a0
  size: 730409
  timestamp: 1787236218159
- conda: https://conda.anaconda.org/conda-forge/linux-64/ncurses-6.6-hdb14827_1.conda
  sha256: 5d46557214ed184381dafe835b7c94a474a1c3b307a08a250b1ea4779b44ffb3
  md5: ee6c0cd80a60961a1f48aa3e0b91f986
  depends:
  - __glibc >=2.17,<3.0.a0
  - libgcc >=14
  license: X11 AND BSD-3-Clause
  run_exports:
    weak:
    - ncurses >=6.6,<7.0a0
  size: 911196
  timestamp: 1786355078102
- conda: https://conda.anaconda.org/conda-forge/linux-64/ninja-1.13.2-h171cf75_1.conda
  sha256: 2b5f2e865122f9fc0637f520a7cb22e16b9727b2db6761ee16cb5e6404412c81
  md5: 2db7a395d7dc2b6ed5effaf68fb99443
  depends:
  - __glibc >=2.17,<3.0.a0
  - libstdcxx >=14
  - libgcc >=14
  license: Apache-2.0
  license_family: APACHE
  run_exports: {}
  size: 186767
  timestamp: 1786713048064
- conda: https://conda.anaconda.org/conda-forge/linux-64/openssl-3.6.4-h781a0a9_0.conda
  sha256: 4747b2d6a8336f52343bceb8a1ebf41a9e6e665b9d2e3f989972de53a310599e
  md5: 16e3034a330cc625f2c685edec60cf4e
  depends:
  - __glibc >=2.17,<3.0.a0
  - ca-certificates
  - libgcc >=15
  license: Apache-2.0
  license_family: Apache
  run_exports:
    weak:
    - openssl >=3.6.4,<4.0a0
  size: 3202955
  timestamp: 1787698780103
- conda: https://conda.anaconda.org/conda-forge/linux-64/rhash-1.4.6-hb03c661_2.conda
  sha256: 186a5b225077ad5f4656966da947d43307101950751ef4a239b455588756b4e1
  md5: 007602d697e07c11ff9864964eba5ee3
  depends:
  - __glibc >=2.17,<3.0.a0
  - libgcc >=14
  license: MIT
  license_family: MIT
  run_exports:
    weak:
    - rhash >=1.4.6,<2.0a0
  size: 194994
  timestamp: 1786731436520
- conda: https://conda.anaconda.org/conda-forge/linux-64/sophus-1!1.24.6-hee9eb32_4.conda
  sha256: 9bc45710a3316d75313e65683bb22dffc8efd6d7249b81f7d264f47a7fdf7fcc
  md5: 87ee22d5d6282bb2e2ce7650fe8a6432
  depends:
  - eigen >=5.0.1,<6.0a0
  - libgcc >=15
  - libstdcxx >=15
  - __glibc >=2.17,<3.0.a0
  - eigen-abi >=5.0.1.80,<5.0.1.81.0a0
  license: MIT
  license_family: MIT
  run_exports: {}
  size: 55940
  timestamp: 1788234705995
- conda: https://conda.anaconda.org/conda-forge/linux-64/suitesparse-7.10.1-h5b2951e_7100101.conda
  sha256: 7c1c5bd2ba8385202ac3cb4c9c7f9bb87a2e677e977afd72c910314c014b28be
  md5: e927e0f248a498050443dab8bb1203a9
  depends:
  - libsuitesparseconfig ==7.10.1 h901830b_7100101
  - libamd ==3.3.3 h456b2da_7100101
  - libbtf ==2.3.2 hf02c80a_7100101
  - libcamd ==3.3.3 hf02c80a_7100101
  - libccolamd ==3.3.4 hf02c80a_7100101
  - libcolamd ==3.3.4 hf02c80a_7100101
  - libcholmod ==5.3.1 h9cf07ce_7100101
  - libcxsparse ==4.4.1 hf02c80a_7100101
  - libldl ==3.3.2 hf02c80a_7100101
  - libklu ==2.3.5 h95ff59c_7100101
  - libumfpack ==6.3.5 h873dde6_7100101
  - libparu ==1.0.0 hc6afc67_7100101
  - librbio ==4.3.4 hf02c80a_7100101
  - libspex ==3.2.3 h9226d62_7100101
  - libspqr ==4.3.4 h23b7119_7100101
  license: LGPL-2.1-or-later AND BSD-3-Clause AND GPL-2.0-or-later AND Apache-2.0
  run_exports:
    weak:
    - libsuitesparseconfig >=7.10.1,<8.0a0
    - libamd >=3.3.3,<4.0a0
    - libbtf >=2.3.2,<3.0a0
    - libcamd >=3.3.3,<4.0a0
    - libccolamd >=3.3.4,<4.0a0
    - libcolamd >=3.3.4,<4.0a0
    - libcholmod >=5.3.1,<6.0a0
    - libcxsparse >=4.4.1,<5.0a0
    - libldl >=3.3.2,<4.0a0
    - libklu >=2.3.5,<3.0a0
    - libumfpack >=6.3.5,<7.0a0
    - libparu >=1.0.0,<2.0a0
    - librbio >=4.3.4,<5.0a0
    - libspex >=3.2.3,<4.0a0
    - libspqr >=4.3.4,<5.0a0
    - suitesparse >=7.10.1,<8.0a0
  size: 12135
  timestamp: 1741963824816
- conda: https://conda.anaconda.org/conda-forge/linux-64/zstd-1.5.7-hb78ec9c_7.conda
  sha256: 47d682b9f6d6ec9eb1a6e6c3e75ea6273e899e78fb7fc59f81d39745009fbc60
  md5: aa459086047c0e5e27023ab19f8cb86a
  depends:
  - __glibc >=2.17,<3.0.a0
  - libzlib >=1.3.2,<2.0a0
  license: BSD-3-Clause
  license_family: BSD
  run_exports:
    weak:
    - zstd >=1.5.7,<1.6.0a0
  size: 601301
  timestamp: 1786599621503
- conda: https://conda.anaconda.org/conda-forge/noarch/ca-certificates-2026.7.22-hbd8a1cb_0.conda
  sha256: 0a0544cf95f64394fe4959286f5c71f5444ad58feb0602e53becb27448d24da6
  md5: 0f51e2391ade309db462a55611263e9c
  depends:
  - __unix
  license: ISC
  run_exports: {}
  size: 131780
  timestamp: 1784754889428
- conda: https://conda.anaconda.org/conda-forge/noarch/kernel-headers_linux-64-4.18.0-he073ed8_9.conda
  sha256: 41557eeadf641de6aeae49486cef30d02a6912d8da98585d687894afd65b356a
  md5: 86d9cba083cd041bfbf242a01a7a1999
  constrains:
  - sysroot_linux-64 ==2.28
  license: LGPL-2.0-or-later AND LGPL-2.0-or-later WITH exceptions AND GPL-2.0-or-later
  license_family: GPL
  run_exports: {}
  size: 1278712
  timestamp: 1765578681495
- conda: https://conda.anaconda.org/conda-forge/noarch/libgcc-devel_linux-64-15.3.0-h2b852eb_105.conda
  sha256: f968a7844e138449efa881ca8167fa0ff5b610fa4f03c50efcce6034b8164ea5
  md5: 35e3188b38ce23565cc39989ba76199d
  depends:
  - __unix
  license: GPL-3.0-only WITH GCC-exception-3.1
  license_family: GPL
  run_exports: {}
  size: 3088262
  timestamp: 1789486575036
- conda: https://conda.anaconda.org/conda-forge/noarch/libstdcxx-devel_linux-64-15.3.0-hb2c5482_105.conda
  sha256: 320d67cafd034956aeea2c597faf88bc320739394e11e7cac66188b702ee9aa3
  md5: 5a196f19d6f46bca4800b254db3e78b4
  depends:
  - __unix
  license: GPL-3.0-only WITH GCC-exception-3.1
  license_family: GPL
  run_exports: {}
  size: 19445568
  timestamp: 1789486598481
- conda: https://conda.anaconda.org/conda-forge/noarch/sysroot_linux-64-2.28-h4ee821c_9.conda
  sha256: c47299fe37aebb0fcf674b3be588e67e4afb86225be4b0d452c7eb75c086b851
  md5: 13dc3adbc692664cd3beabd216434749
  depends:
  - __glibc >=2.28
  - kernel-headers_linux-64 4.18.0 he073ed8_9
  - tzdata
  license: LGPL-2.0-or-later AND LGPL-2.0-or-later WITH exceptions AND GPL-2.0-or-later
  license_family: GPL
  run_exports:
    strong:
    - __glibc >=2.28,<3.0.a0
  size: 24008591
  timestamp: 1765578833462
- conda: https://conda.anaconda.org/conda-forge/noarch/tzdata-2026c-h151e31d_0.conda
  sha256: b928c30ddcb0e3f544c6eade8352737e6e610e263276b90232db6a578ef899d8
  md5: fcb489df604d100968b737f2cb6076c6
  license: LicenseRef-Public-Domain
  run_exports: {}
  size: 118849
  timestamp: 1784250406640
